// !$*UTF8*$!
{
	archiveVersion = 1;
	classes = {
	};
	objectVersion = 56;
	objects = {

/* Begin PBXBuildFile section */
		A435AAF32BDFC5C8000FB729 /* Appetizers_SUIApp.swift in Sources */ = {isa = PBXBuildFile; fileRef = A435AAF22BDFC5C8000FB729 /* Appetizers_SUIApp.swift */; };
		A435AAF52BDFC5C8000FB729 /* AppetizerTabView.swift in Sources */ = {isa = PBXBuildFile; fileRef = A435AAF42BDFC5C8000FB729 /* AppetizerTabView.swift */; };
		A435AAF72BDFC5C9000FB729 /* Assets.xcassets in Resources */ = {isa = PBXBuildFile; fileRef = A435AAF62BDFC5C9000FB729 /* Assets.xcassets */; };
		A435AAFA2BDFC5C9000FB729 /* Preview Assets.xcassets in Resources */ = {isa = PBXBuildFile; fileRef = A435AAF92BDFC5C9000FB729 /* Preview Assets.xcassets */; };
		A435AB032BDFC657000FB729 /* AppetizerListView.swift in Sources */ = {isa = PBXBuildFile; fileRef = A435AB022BDFC657000FB729 /* AppetizerListView.swift */; };
		A435AB052BDFC668000FB729 /* AccountView.swift in Sources */ = {isa = PBXBuildFile; fileRef = A435AB042BDFC668000FB729 /* AccountView.swift */; };
		A435AB072BDFC67C000FB729 /* OrderView.swift in Sources */ = {isa = PBXBuildFile; fileRef = A435AB062BDFC67C000FB729 /* OrderView.swift */; };
		A435AB092BDFF5B2000FB729 /* Appetizer.swift in Sources */ = {isa = PBXBuildFile; fileRef = A435AB082BDFF5B2000FB729 /* Appetizer.swift */; };
		A435AB0B2BDFFE97000FB729 /* AppetizerListCell.swift in Sources */ = {isa = PBXBuildFile; fileRef = A435AB0A2BDFFE97000FB729 /* AppetizerListCell.swift */; };
		A435AB0D2BE003FE000FB729 /* NetworkManager.swift in Sources */ = {isa = PBXBuildFile; fileRef = A435AB0C2BE003FE000FB729 /* NetworkManager.swift */; };
		A435AB0F2BE00800000FB729 /* APError.swift in Sources */ = {isa = PBXBuildFile; fileRef = A435AB0E2BE00800000FB729 /* APError.swift */; };
/* End PBXBuildFile section */

/* Begin PBXFileReference section */
		A435AAEF2BDFC5C8000FB729 /* Appetizers-SUI.app */ = {isa = PBXFileReference; explicitFileType = wrapper.application; includeInIndex = 0; path = "Appetizers-SUI.app"; sourceTree = BUILT_PRODUCTS_DIR; };
		A435AAF22BDFC5C8000FB729 /* Appetizers_SUIApp.swift */ = {isa = PBXFileReference; lastKnownFileType = sourcecode.swift; path = Appetizers_SUIApp.swift; sourceTree = "<group>"; };
		A435AAF42BDFC5C8000FB729 /* AppetizerTabView.swift */ = {isa = PBXFileReference; lastKnownFileType = sourcecode.swift; path = AppetizerTabView.swift; sourceTree = "<group>"; };
		A435AAF62BDFC5C9000FB729 /* Assets.xcassets */ = {isa = PBXFileReference; lastKnownFileType = folder.assetcatalog; path = Assets.xcassets; sourceTree = "<group>"; };
		A435AAF92BDFC5C9000FB729 /* Preview Assets.xcassets */ = {isa = PBXFileReference; lastKnownFileType = folder.assetcatalog; path = "Preview Assets.xcassets"; sourceTree = "<group>"; };
		A435AB022BDFC657000FB729 /* AppetizerListView.swift */ = {isa = PBXFileReference; lastKnownFileType = sourcecode.swift; path = AppetizerListView.swift; sourceTree = "<group>"; };
		A435AB042BDFC668000FB729 /* AccountView.swift */ = {isa = PBXFileReference; lastKnownFileType = sourcecode.swift; path = AccountView.swift; sourceTree = "<group>"; };
		A435AB062BDFC67C000FB729 /* OrderView.swift */ = {isa = PBXFileReference; lastKnownFileType = sourcecode.swift; path = OrderView.swift; sourceTree = "<group>"; };
		A435AB082BDFF5B2000FB729 /* Appetizer.swift */ = {isa = PBXFileReference; lastKnownFileType = sourcecode.swift; path = Appetizer.swift; sourceTree = "<group>"; };
		A435AB0A2BDFFE97000FB729 /* AppetizerListCell.swift */ = {isa = PBXFileReference; lastKnownFileType = sourcecode.swift; path = AppetizerListCell.swift; sourceTree = "<group>"; };
		A435AB0C2BE003FE000FB729 /* NetworkManager.swift */ = {isa = PBXFileReference; lastKnownFileType = sourcecode.swift; path = NetworkManager.swift; sourceTree = "<group>"; };
		A435AB0E2BE00800000FB729 /* APError.swift */ = {isa = PBXFileReference; lastKnownFileType = sourcecode.swift; path = APError.swift; sourceTree = "<group>"; };
/* End PBXFileReference section */

/* Begin PBXFrameworksBuildPhase section */
		A435AAEC2BDFC5C8000FB729 /* Frameworks */ = {
			isa = PBXFrameworksBuildPhase;
			buildActionMask = 2147483647;
			files = (
			);
			runOnlyForDeploymentPostprocessing = 0;
		};
/* End PBXFrameworksBuildPhase section */

/* Begin PBXGroup section */
		A435AAE62BDFC5C8000FB729 = {
			isa = PBXGroup;
			children = (
				A435AAF12BDFC5C8000FB729 /* Appetizers-SUI */,
				A435AAF02BDFC5C8000FB729 /* Products */,
			);
			sourceTree = "<group>";
		};
		A435AAF02BDFC5C8000FB729 /* Products */ = {
			isa = PBXGroup;
			children = (
				A435AAEF2BDFC5C8000FB729 /* Appetizers-SUI.app */,
			);
			name = Products;
			sourceTree = "<group>";
		};
		A435AAF12BDFC5C8000FB729 /* Appetizers-SUI */ = {
			isa = PBXGroup;
			children = (
				A435AAF22BDFC5C8000FB729 /* Appetizers_SUIApp.swift */,
				A435AAF42BDFC5C8000FB729 /* AppetizerTabView.swift */,
				A435AAF62BDFC5C9000FB729 /* Assets.xcassets */,
				A435AAF82BDFC5C9000FB729 /* Preview Content */,
				A435AB022BDFC657000FB729 /* AppetizerListView.swift */,
				A435AB042BDFC668000FB729 /* AccountView.swift */,
				A435AB062BDFC67C000FB729 /* OrderView.swift */,
				A435AB082BDFF5B2000FB729 /* Appetizer.swift */,
				A435AB0A2BDFFE97000FB729 /* AppetizerListCell.swift */,
				A435AB0C2BE003FE000FB729 /* NetworkManager.swift */,
				A435AB0E2BE00800000FB729 /* APError.swift */,
			);
			path = "Appetizers-SUI";
			sourceTree = "<group>";
		};
		A435AAF82BDFC5C9000FB729 /* Preview Content */ = {
			isa = PBXGroup;
			children = (
				A435AAF92BDFC5C9000FB729 /* Preview Assets.xcassets */,
			);
			path = "Preview Content";
			sourceTree = "<group>";
		};
/* End PBXGroup section */

/* Begin PBXNativeTarget section */
		A435AAEE2BDFC5C8000FB729 /* Appetizers-SUI */ = {
			isa = PBXNativeTarget;
			buildConfigurationList = A435AAFD2BDFC5C9000FB729 /* Build configuration list for PBXNativeTarget "Appetizers-SUI" */;
			buildPhases = (
				A435AAEB2BDFC5C8000FB729 /* Sources */,
				A435AAEC2BDFC5C8000FB729 /* Frameworks */,
				A435AAED2BDFC5C8000FB729 /* Resources */,
			);
			buildRules = (
			);
			dependencies = (
			);
			name = "Appetizers-SUI";
			productName = "Appetizers-SUI";
			productReference = A435AAEF2BDFC5C8000FB729 /* Appetizers-SUI.app */;
			productType = "com.apple.product-type.application";
		};
/* End PBXNativeTarget section */

/* Begin PBXProject section */
		A435AAE72BDFC5C8000FB729 /* Project object */ = {
			isa = PBXProject;
			attributes = {
				BuildIndependentTargetsInParallel = 1;
				LastSwiftUpdateCheck = 1530;
				LastUpgradeCheck = 1530;
				TargetAttributes = {
					A435AAEE2BDFC5C8000FB729 = {
						CreatedOnToolsVersion = 15.3;
					};
				};
			};
			buildConfigurationList = A435AAEA2BDFC5C8000FB729 /* Build configuration list for PBXProject "Appetizers-SUI" */;
			compatibilityVersion = "Xcode 14.0";
			developmentRegion = en;
			hasScannedForEncodings = 0;
			knownRegions = (
				en,
				Base,
			);
			mainGroup = A435AAE62BDFC5C8000FB729;
			productRefGroup = A435AAF02BDFC5C8000FB729 /* Products */;
			projectDirPath = "";
			projectRoot = "";
			targets = (
				A435AAEE2BDFC5C8000FB729 /* Appetizers-SUI */,
			);
		};
/* End PBXProject section */

/* Begin PBXResourcesBuildPhase section */
		A435AAED2BDFC5C8000FB729 /* Resources */ = {
			isa = PBXResourcesBuildPhase;
			buildActionMask = 2147483647;
			files = (
				A435AAFA2BDFC5C9000FB729 /* Preview Assets.xcassets in Resources */,
				A435AAF72BDFC5C9000FB729 /* Assets.xcassets in Resources */,
			);
			runOnlyForDeploymentPostprocessing = 0;
		};
/* End PBXResourcesBuildPhase section */

/* Begin PBXSourcesBuildPhase section */
		A435AAEB2BDFC5C8000FB729 /* Sources */ = {
			isa = PBXSourcesBuildPhase;
			buildActionMask = 2147483647;
			files = (
				A435AB092BDFF5B2000FB729 /* Appetizer.swift in Sources */,
				A435AB0F2BE00800000FB729 /* APError.swift in Sources */,
				A435AB0B2BDFFE97000FB729 /* AppetizerListCell.swift in Sources */,
				A435AB052BDFC668000FB729 /* AccountView.swift in Sources */,
				A435AAF52BDFC5C8000FB729 /* AppetizerTabView.swift in Sources */,
				A435AB0D2BE003FE000FB729 /* NetworkManager.swift in Sources */,
				A435AAF32BDFC5C8000FB729 /* Appetizers_SUIApp.swift in Sources */,
				A435AB032BDFC657000FB729 /* AppetizerListView.swift in Sources */,
				A435AB072BDFC67C000FB729 /* OrderView.swift in Sources */,
			);
			runOnlyForDeploymentPostprocessing = 0;
		};
/* End PBXSourcesBuildPhase section */

/* Begin XCBuildConfiguration section */
		A435AAFB2BDFC5C9000FB729 /* Debug */ = {
			isa = XCBuildConfiguration;
			buildSettings = {
				ALWAYS_SEARCH_USER_PATHS = NO;
				ASSETCATALOG_COMPILER_GENERATE_SWIFT_ASSET_SYMBOL_EXTENSIONS = YES;
				CLANG_ANALYZER_NONNULL = YES;
				CLANG_ANALYZER_NUMBER_OBJECT_CONVERSION = YES_AGGRESSIVE;
				CLANG_CXX_LANGUAGE_STANDARD = "gnu++20";
				CLANG_ENABLE_MODULES = YES;
				CLANG_ENABLE_OBJC_ARC = YES;
				CLANG_ENABLE_OBJC_WEAK = YES;
				CLANG_WARN_BLOCK_CAPTURE_AUTORELEASING = YES;
				CLANG_WARN_BOOL_CONVERSION = YES;
				CLANG_WARN_COMMA = YES;
				CLANG_WARN_CONSTANT_CONVERSION = YES;
				CLANG_WARN_DEPRECATED_OBJC_IMPLEMENTATIONS = YES;
				CLANG_WARN_DIRECT_OBJC_ISA_USAGE = YES_ERROR;
				CLANG_WARN_DOCUMENTATION_COMMENTS = YES;
				CLANG_WARN_EMPTY_BODY = YES;
				CLANG_WARN_ENUM_CONVERSION = YES;
				CLANG_WARN_INFINITE_RECURSION = YES;
				CLANG_WARN_INT_CONVERSION = YES;
				CLANG_WARN_NON_LITERAL_NULL_CONVERSION = YES;
				CLANG_WARN_OBJC_IMPLICIT_RETAIN_SELF = YES;
				CLANG_WARN_OBJC_LITERAL_CONVERSION = YES;
				CLANG_WARN_OBJC_ROOT_CLASS = YES_ERROR;
				CLANG_WARN_QUOTED_INCLUDE_IN_FRAMEWORK_HEADER = YES;
				CLANG_WARN_RANGE_LOOP_ANALYSIS = YES;
				CLANG_WARN_STRICT_PROTOTYPES = YES;
				CLANG_WARN_SUSPICIOUS_MOVE = YES;
				CLANG_WARN_UNGUARDED_AVAILABILITY = YES_AGGRESSIVE;
				CLANG_WARN_UNREACHABLE_CODE = YES;
				CLANG_WARN__DUPLICATE_METHOD_MATCH = YES;
				COPY_PHASE_STRIP = NO;
				DEBUG_INFORMATION_FORMAT = dwarf;
				ENABLE_STRICT_OBJC_MSGSEND = YES;
				ENABLE_TESTABILITY = YES;
				ENABLE_USER_SCRIPT_SANDBOXING = YES;
				GCC_C_LANGUAGE_STANDARD = gnu17;
				GCC_DYNAMIC_NO_PIC = NO;
				GCC_NO_COMMON_BLOCKS = YES;
				GCC_OPTIMIZATION_LEVEL = 0;
				GCC_PREPROCESSOR_DEFINITIONS = (
					"DEBUG=1",
					"$(inherited)",
				);
				GCC_WARN_64_TO_32_BIT_CONVERSION = YES;
				GCC_WARN_ABOUT_RETURN_TYPE = YES_ERROR;
				GCC_WARN_UNDECLARED_SELECTOR = YES;
				GCC_WARN_UNINITIALIZED_AUTOS = YES_AGGRESSIVE;
				GCC_WARN_UNUSED_FUNCTION = YES;
				GCC_WARN_UNUSED_VARIABLE = YES;
				IPHONEOS_DEPLOYMENT_TARGET = 17.4;
				LOCALIZATION_PREFERS_STRING_CATALOGS = YES;
				MTL_ENABLE_DEBUG_INFO = INCLUDE_SOURCE;
				MTL_FAST_MATH = YES;
				ONLY_ACTIVE_ARCH = YES;
				SDKROOT = iphoneos;
				SWIFT_ACTIVE_COMPILATION_CONDITIONS = "DEBUG $(inherited)";
				SWIFT_OPTIMIZATION_LEVEL = "-Onone";
			};
			name = Debug;
		};
		A435AAFC2BDFC5C9000FB729 /* Release */ = {
			isa = XCBuildConfiguration;
			buildSettings = {
				ALWAYS_SEARCH_USER_PATHS = NO;
				ASSETCATALOG_COMPILER_GENERATE_SWIFT_ASSET_SYMBOL_EXTENSIONS = YES;
				CLANG_ANALYZER_NONNULL = YES;
				CLANG_ANALYZER_NUMBER_OBJECT_CONVERSION = YES_AGGRESSIVE;
				CLANG_CXX_LANGUAGE_STANDARD = "gnu++20";
				CLANG_ENABLE_MODULES = YES;
				CLANG_ENABLE_OBJC_ARC = YES;
				CLANG_ENABLE_OBJC_WEAK = YES;
				CLANG_WARN_BLOCK_CAPTURE_AUTORELEASING = YES;
				CLANG_WARN_BOOL_CONVERSION = YES;
				CLANG_WARN_COMMA = YES;
				CLANG_WARN_CONSTANT_CONVERSION = YES;
				CLANG_WARN_DEPRECATED_OBJC_IMPLEMENTATIONS = YES;
				CLANG_WARN_DIRECT_OBJC_ISA_USAGE = YES_ERROR;
				CLANG_WARN_DOCUMENTATION_COMMENTS = YES;
				CLANG_WARN_EMPTY_BODY = YES;
				CLANG_WARN_ENUM_CONVERSION = YES;
				CLANG_WARN_INFINITE_RECURSION = YES;
				CLANG_WARN_INT_CONVERSION = YES;
				CLANG_WARN_NON_LITERAL_NULL_CONVERSION = YES;
				CLANG_WARN_OBJC_IMPLICIT_RETAIN_SELF = YES;
				CLANG_WARN_OBJC_LITERAL_CONVERSION = YES;
				CLANG_WARN_OBJC_ROOT_CLASS = YES_ERROR;
				CLANG_WARN_QUOTED_INCLUDE_IN_FRAMEWORK_HEADER = YES;
				CLANG_WARN_RANGE_LOOP_ANALYSIS = YES;
				CLANG_WARN_STRICT_PROTOTYPES = YES;
				CLANG_WARN_SUSPICIOUS_MOVE = YES;
				CLANG_WARN_UNGUARDED_AVAILABILITY = YES_AGGRESSIVE;
				CLANG_WARN_UNREACHABLE_CODE = YES;
				CLANG_WARN__DUPLICATE_METHOD_MATCH = YES;
				COPY_PHASE_STRIP = NO;
				DEBUG_INFORMATION_FORMAT = "dwarf-with-dsym";
				ENABLE_NS_ASSERTIONS = NO;
				ENABLE_STRICT_OBJC_MSGSEND = YES;
				ENABLE_USER_SCRIPT_SANDBOXING = YES;
				GCC_C_LANGUAGE_STANDARD = gnu17;
				GCC_NO_COMMON_BLOCKS = YES;
				GCC_WARN_64_TO_32_BIT_CONVERSION = YES;
				GCC_WARN_ABOUT_RETURN_TYPE = YES_ERROR;
				GCC_WARN_UNDECLARED_SELECTOR = YES;
				GCC_WARN_UNINITIALIZED_AUTOS = YES_AGGRESSIVE;
				GCC_WARN_UNUSED_FUNCTION = YES;
				GCC_WARN_UNUSED_VARIABLE = YES;
				IPHONEOS_DEPLOYMENT_TARGET = 17.4;
				LOCALIZATION_PREFERS_STRING_CATALOGS = YES;
				MTL_ENABLE_DEBUG_INFO = NO;
				MTL_FAST_MATH = YES;
				SDKROOT = iphoneos;
				SWIFT_COMPILATION_MODE = wholemodule;
				VALIDATE_PRODUCT = YES;
			};
			name = Release;
		};
		A435AAFE2BDFC5C9000FB729 /* Debug */ = {
			isa = XCBuildConfiguration;
			buildSettings = {
				ASSETCATALOG_COMPILER_APPICON_NAME = AppIcon;
				ASSETCATALOG_COMPILER_GLOBAL_ACCENT_COLOR_NAME = AccentColor;
				CODE_SIGN_STYLE = Automatic;
				CURRENT_PROJECT_VERSION = 1;
				DEVELOPMENT_ASSET_PATHS = "\"Appetizers-SUI/Preview Content\"";
				DEVELOPMENT_TEAM = 82HCH9V652;
				ENABLE_PREVIEWS = YES;
				GENERATE_INFOPLIST_FILE = YES;
				INFOPLIST_KEY_UIApplicationSceneManifest_Generation = YES;
				INFOPLIST_KEY_UIApplicationSupportsIndirectInputEvents = YES;
				INFOPLIST_KEY_UILaunchScreen_Generation = YES;
				INFOPLIST_KEY_UISupportedInterfaceOrientations_iPad = "UIInterfaceOrientationPortrait UIInterfaceOrientationPortraitUpsideDown UIInterfaceOrientationLandscapeLeft UIInterfaceOrientationLandscapeRight";
				INFOPLIST_KEY_UISupportedInterfaceOrientations_iPhone = "UIInterfaceOrientationPortrait UIInterfaceOrientationLandscapeLeft UIInterfaceOrientationLandscapeRight";
				LD_RUNPATH_SEARCH_PATHS = (
					"$(inherited)",
					"@executable_path/Frameworks",
				);
				MARKETING_VERSION = 1.0;
				PRODUCT_BUNDLE_IDENTIFIER = "com.tumbersa.Appetizers-SUI";
				PRODUCT_NAME = "$(TARGET_NAME)";
				SWIFT_EMIT_LOC_STRINGS = YES;
				SWIFT_VERSION = 5.0;
				TARGETED_DEVICE_FAMILY = "1,2";
			};
			name = Debug;
		};
		A435AAFF2BDFC5C9000FB729 /* Release */ = {
			isa = XCBuildConfiguration;
			buildSettings = {
				ASSETCATALOG_COMPILER_APPICON_NAME = AppIcon;
				ASSETCATALOG_COMPILER_GLOBAL_ACCENT_COLOR_NAME = AccentColor;
				CODE_SIGN_STYLE = Automatic;
				CURRENT_PROJECT_VERSION = 1;
				DEVELOPMENT_ASSET_PATHS = "\"Appetizers-SUI/Preview Content\"";
				DEVELOPMENT_TEAM = 82HCH9V652;
				ENABLE_PREVIEWS = YES;
				GENERATE_INFOPLIST_FILE = YES;
				INFOPLIST_KEY_UIApplicationSceneManifest_Generation = YES;
				INFOPLIST_KEY_UIApplicationSupportsIndirectInputEvents = YES;
				INFOPLIST_KEY_UILaunchScreen_Generation = YES;
				INFOPLIST_KEY_UISupportedInterfaceOrientations_iPad = "UIInterfaceOrientationPortrait UIInterfaceOrientationPortraitUpsideDown UIInterfaceOrientationLandscapeLeft UIInterfaceOrientationLandscapeRight";
				INFOPLIST_KEY_UISupportedInterfaceOrientations_iPhone = "UIInterfaceOrientationPortrait UIInterfaceOrientationLandscapeLeft UIInterfaceOrientationLandscapeRight";
				LD_RUNPATH_SEARCH_PATHS = (
					"$(inherited)",
					"@executable_path/Frameworks",
				);
				MARKETING_VERSION = 1.0;
				PRODUCT_BUNDLE_IDENTIFIER = "com.tumbersa.Appetizers-SUI";
				PRODUCT_NAME = "$(TARGET_NAME)";
				SWIFT_EMIT_LOC_STRINGS = YES;
				SWIFT_VERSION = 5.0;
				TARGETED_DEVICE_FAMILY = "1,2";
			};
			name = Release;
		};
/* End XCBuildConfiguration section */

/* Begin XCConfigurationList section */
		A435AAEA2BDFC5C8000FB729 /* Build configuration list for PBXProject "Appetizers-SUI" */ = {
			isa = XCConfigurationList;
			buildConfigurations = (
				A435AAFB2BDFC5C9000FB729 /* Debug */,
				A435AAFC2BDFC5C9000FB729 /* Release */,
			);
			defaultConfigurationIsVisible = 0;
			defaultConfigurationName = Release;
		};
		A435AAFD2BDFC5C9000FB729 /* Build configuration list for PBXNativeTarget "Appetizers-SUI" */ = {
			isa = XCConfigurationList;
			buildConfigurations = (
				A435AAFE2BDFC5C9000FB729 /* Debug */,
				A435AAFF2BDFC5C9000FB729 /* Release */,
			);
			defaultConfigurationIsVisible = 0;
			defaultConfigurationName = Release;
		};
/* End XCConfigurationList section */
	};
	rootObject = A435AAE72BDFC5C8000FB729 /* Project object */;
}
